dependencies:
- name: keycloak
  repository: https://charts.bitnami.com/bitnami
  version: 25.2.0
- name: milvus
  repository: https://zilliztech.github.io/milvus-helm
  version: 4.2.4
- name: postgresql
  repository: https://charts.bitnami.com/bitnami
  version: 18.6.2
- name: minio
  repository: https://charts.bitnami.com/bitnami
  version: 17.0.21
- name: kube-prometheus-stack
  repository: https://prometheus-community.github.io/helm-charts
  version: 61.3.2
- name: loki-stack
  repository: https://grafana.github.io/helm-charts
  version: 2.10.2
digest: sha256:d3c62a4ab2077c92a7e8a4056cb78469900bb79e487fefe9d84291e492fb8eef
generated: "2026-04-24T22:02:57.48524218+02:00"
